// !$*UTF8*$!
{
	archiveVersion = 1;
	classes = {
	};
	objectVersion = 46;
	objects = {

/* Begin PBXBuildFile section */
		9C14EB2B1CCA1199006E15AC /* UIImage+Tool.m in Sources */ = {isa = PBXBuildFile; fileRef = 9C14EB2A1CCA1199006E15AC /* UIImage+Tool.m */; };
		9C65328D1CC713C800B609C5 /* MeeCollectionViewLayout.m in Sources */ = {isa = PBXBuildFile; fileRef = 9C65328C1CC713C800B609C5 /* MeeCollectionViewLayout.m */; };
		9C6532911CC7180F00B609C5 /* UIView+Frame.m in Sources */ = {isa = PBXBuildFile; fileRef = 9C6532901CC7180F00B609C5 /* UIView+Frame.m */; };
		9C6532961CC71C3000B609C5 /* MeeCollectionViewCell.m in Sources */ = {isa = PBXBuildFile; fileRef = 9C6532951CC71C3000B609C5 /* MeeCollectionViewCell.m */; };
		9C65329A1CC7336800B609C5 /* ermilio.gif in Resources */ = {isa = PBXBuildFile; fileRef = 9C6532991CC7336800B609C5 /* ermilio.gif */; };
		9C6532A61CC74B4C00B609C5 /* UIImage+GIF.m in Sources */ = {isa = PBXBuildFile; fileRef = 9C6532A51CC74B4C00B609C5 /* UIImage+GIF.m */; };
		9C6532A91CC7501200B609C5 /* joy.gif in Resources */ = {isa = PBXBuildFile; fileRef = 9C6532A81CC7501200B609C5 /* joy.gif */; };
		9C6532AB1CC7506400B609C5 /* we.jpg in Resources */ = {isa = PBXBuildFile; fileRef = 9C6532AA1CC7506400B609C5 /* we.jpg */; };
		9C6532AE1CC7531F00B609C5 /* NSData+ImageContentType.m in Sources */ = {isa = PBXBuildFile; fileRef = 9C6532AD1CC7531F00B609C5 /* NSData+ImageContentType.m */; };
		9C6532B01CC7584000B609C5 /* icon_person.png in Resources */ = {isa = PBXBuildFile; fileRef = 9C6532AF1CC7584000B609C5 /* icon_person.png */; };
		9C6532B41CC76EFC00B609C5 /* MeeLaunchViewController.m in Sources */ = {isa = PBXBuildFile; fileRef = 9C6532B31CC76EFC00B609C5 /* MeeLaunchViewController.m */; };
		9C6532B61CC76F9400B609C5 /* iPhone-6-Crop.gif in Resources */ = {isa = PBXBuildFile; fileRef = 9C6532B51CC76F9400B609C5 /* iPhone-6-Crop.gif */; };
		9C6532BC1CC77C7600B609C5 /* MeePicViewController.m in Sources */ = {isa = PBXBuildFile; fileRef = 9C6532BB1CC77C7600B609C5 /* MeePicViewController.m */; };
		9C6532CE1CC7843800B609C5 /* TAAbstractDotView.m in Sources */ = {isa = PBXBuildFile; fileRef = 9C6532C11CC7843800B609C5 /* TAAbstractDotView.m */; };
		9C6532CF1CC7843800B609C5 /* TAAnimatedDotView.m in Sources */ = {isa = PBXBuildFile; fileRef = 9C6532C31CC7843800B609C5 /* TAAnimatedDotView.m */; };
		9C6532D01CC7843800B609C5 /* TADotView.m in Sources */ = {isa = PBXBuildFile; fileRef = 9C6532C51CC7843800B609C5 /* TADotView.m */; };
		9C6532D11CC7843800B609C5 /* TAPageControl.m in Sources */ = {isa = PBXBuildFile; fileRef = 9C6532C71CC7843800B609C5 /* TAPageControl.m */; };
		9C6532D21CC7843800B609C5 /* SDCollectionViewCell.m in Sources */ = {isa = PBXBuildFile; fileRef = 9C6532C91CC7843800B609C5 /* SDCollectionViewCell.m */; };
		9C6532D31CC7843800B609C5 /* SDCycleScrollView.m in Sources */ = {isa = PBXBuildFile; fileRef = 9C6532CB1CC7843800B609C5 /* SDCycleScrollView.m */; };
		9C6532D41CC7843800B609C5 /* UIView+SDExtension.m in Sources */ = {isa = PBXBuildFile; fileRef = 9C6532CD1CC7843800B609C5 /* UIView+SDExtension.m */; };
		9C6532F71CC7868400B609C5 /* MKAnnotationView+WebCache.m in Sources */ = {isa = PBXBuildFile; fileRef = 9C6532D71CC7868400B609C5 /* MKAnnotationView+WebCache.m */; };
		9C6532F81CC7868400B609C5 /* NSData+ImageContentType.m in Sources */ = {isa = PBXBuildFile; fileRef = 9C6532D91CC7868400B609C5 /* NSData+ImageContentType.m */; };
		9C6532F91CC7868400B609C5 /* SDImageCache.m in Sources */ = {isa = PBXBuildFile; fileRef = 9C6532DB1CC7868400B609C5 /* SDImageCache.m */; };
		9C6532FA1CC7868400B609C5 /* SDWebImageCompat.m in Sources */ = {isa = PBXBuildFile; fileRef = 9C6532DD1CC7868400B609C5 /* SDWebImageCompat.m */; };
		9C6532FB1CC7868400B609C5 /* SDWebImageDecoder.m in Sources */ = {isa = PBXBuildFile; fileRef = 9C6532DF1CC7868400B609C5 /* SDWebImageDecoder.m */; };
		9C6532FC1CC7868400B609C5 /* SDWebImageDownloader.m in Sources */ = {isa = PBXBuildFile; fileRef = 9C6532E11CC7868400B609C5 /* SDWebImageDownloader.m */; };
		9C6532FD1CC7868400B609C5 /* SDWebImageDownloaderOperation.m in Sources */ = {isa = PBXBuildFile; fileRef = 9C6532E31CC7868400B609C5 /* SDWebImageDownloaderOperation.m */; };
		9C6532FE1CC7868400B609C5 /* SDWebImageManager.m in Sources */ = {isa = PBXBuildFile; fileRef = 9C6532E51CC7868400B609C5 /* SDWebImageManager.m */; };
		9C6532FF1CC7868400B609C5 /* SDWebImagePrefetcher.m in Sources */ = {isa = PBXBuildFile; fileRef = 9C6532E81CC7868400B609C5 /* SDWebImagePrefetcher.m */; };
		9C6533001CC7868400B609C5 /* UIButton+WebCache.m in Sources */ = {isa = PBXBuildFile; fileRef = 9C6532EA1CC7868400B609C5 /* UIButton+WebCache.m */; };
		9C6533011CC7868400B609C5 /* UIImage+GIF.m in Sources */ = {isa = PBXBuildFile; fileRef = 9C6532EC1CC7868400B609C5 /* UIImage+GIF.m */; };
		9C6533021CC7868400B609C5 /* UIImage+MultiFormat.m in Sources */ = {isa = PBXBuildFile; fileRef = 9C6532EE1CC7868400B609C5 /* UIImage+MultiFormat.m */; };
		9C6533031CC7868400B609C5 /* UIImage+WebP.m in Sources */ = {isa = PBXBuildFile; fileRef = 9C6532F01CC7868400B609C5 /* UIImage+WebP.m */; };
		9C6533041CC7868400B609C5 /* UIImageView+HighlightedWebCache.m in Sources */ = {isa = PBXBuildFile; fileRef = 9C6532F21CC7868400B609C5 /* UIImageView+HighlightedWebCache.m */; };
		9C6533051CC7868400B609C5 /* UIImageView+WebCache.m in Sources */ = {isa = PBXBuildFile; fileRef = 9C6532F41CC7868400B609C5 /* UIImageView+WebCache.m */; };
		9C6533061CC7868400B609C5 /* UIView+WebCacheOperation.m in Sources */ = {isa = PBXBuildFile; fileRef = 9C6532F61CC7868400B609C5 /* UIView+WebCacheOperation.m */; };
		9CA6CFC71CC513560027D264 /* main.m in Sources */ = {isa = PBXBuildFile; fileRef = 9CA6CFC61CC513560027D264 /* main.m */; };
		9CA6CFD21CC513560027D264 /* Assets.xcassets in Resources */ = {isa = PBXBuildFile; fileRef = 9CA6CFD11CC513560027D264 /* Assets.xcassets */; };
		9CA6CFD51CC513560027D264 /* LaunchScreen.storyboard in Resources */ = {isa = PBXBuildFile; fileRef = 9CA6CFD31CC513560027D264 /* LaunchScreen.storyboard */; };
		9CA6CFE01CC513560027D264 /* MeeViewsTests.m in Sources */ = {isa = PBXBuildFile; fileRef = 9CA6CFDF1CC513560027D264 /* MeeViewsTests.m */; };
		9CA6CFEB1CC513560027D264 /* MeeViewsUITests.m in Sources */ = {isa = PBXBuildFile; fileRef = 9CA6CFEA1CC513560027D264 /* MeeViewsUITests.m */; };
		9CA6CFFF1CC513F50027D264 /* AppDelegate.m in Sources */ = {isa = PBXBuildFile; fileRef = 9CA6CFFB1CC513F50027D264 /* AppDelegate.m */; };
		9CA6D0031CC5146B0027D264 /* MeeNavigationController.m in Sources */ = {isa = PBXBuildFile; fileRef = 9CA6D0021CC5146B0027D264 /* MeeNavigationController.m */; };
		9CA6D0061CC5149E0027D264 /* MeeTabBarController.m in Sources */ = {isa = PBXBuildFile; fileRef = 9CA6D0051CC5149E0027D264 /* MeeTabBarController.m */; };
		9CA6D0091CC5161B0027D264 /* MeeVC1.m in Sources */ = {isa = PBXBuildFile; fileRef = 9CA6D0081CC5161B0027D264 /* MeeVC1.m */; };
		9CA6D00D1CC516370027D264 /* MeeVC2.m in Sources */ = {isa = PBXBuildFile; fileRef = 9CA6D00B1CC516370027D264 /* MeeVC2.m */; };
		9CA6D00E1CC516370027D264 /* MeeVC2.xib in Resources */ = {isa = PBXBuildFile; fileRef = 9CA6D00C1CC516370027D264 /* MeeVC2.xib */; };
		9CA6D0111CC5164D0027D264 /* MeeVC3.m in Sources */ = {isa = PBXBuildFile; fileRef = 9CA6D0101CC5164D0027D264 /* MeeVC3.m */; };
		9CBB13891CC8A6A900648B85 /* MeePhtViewController.m in Sources */ = {isa = PBXBuildFile; fileRef = 9CBB13871CC8A6A900648B85 /* MeePhtViewController.m */; };
		9CBB13951CC8B6AA00648B85 /* MeePhoTableViewCell.m in Sources */ = {isa = PBXBuildFile; fileRef = 9CBB13931CC8B6AA00648B85 /* MeePhoTableViewCell.m */; };
		9CBB13961CC8B6AA00648B85 /* MeePhoTableViewCell.xib in Resources */ = {isa = PBXBuildFile; fileRef = 9CBB13941CC8B6AA00648B85 /* MeePhoTableViewCell.xib */; };
		9CBB139A1CC8C54E00648B85 /* MeePhoCollectionViewController.m in Sources */ = {isa = PBXBuildFile; fileRef = 9CBB13991CC8C54E00648B85 /* MeePhoCollectionViewController.m */; };
		9CBB139E1CC8D97D00648B85 /* MeePhtViewController.storyboard in Resources */ = {isa = PBXBuildFile; fileRef = 9CBB139D1CC8D97D00648B85 /* MeePhtViewController.storyboard */; };
/* End PBXBuildFile section */

/* Begin PBXContainerItemProxy section */
		9CA6CFDC1CC513560027D264 /* PBXContainerItemProxy */ = {
			isa = PBXContainerItemProxy;
			containerPortal = 9CA6CFBA1CC513560027D264 /* Project object */;
			proxyType = 1;
			remoteGlobalIDString = 9CA6CFC11CC513560027D264;
			remoteInfo = MeeViews;
		};
		9CA6CFE71CC513560027D264 /* PBXContainerItemProxy */ = {
			isa = PBXContainerItemProxy;
			containerPortal = 9CA6CFBA1CC513560027D264 /* Project object */;
			proxyType = 1;
			remoteGlobalIDString = 9CA6CFC11CC513560027D264;
			remoteInfo = MeeViews;
		};
/* End PBXContainerItemProxy section */

/* Begin PBXFileReference section */
		9C14EB291CCA1199006E15AC /* UIImage+Tool.h */ = {isa = PBXFileReference; fileEncoding = 4; lastKnownFileType = sourcecode.c.h; path = "UIImage+Tool.h"; sourceTree = "<group>"; };
		9C14EB2A1CCA1199006E15AC /* UIImage+Tool.m */ = {isa = PBXFileReference; fileEncoding = 4; lastKnownFileType = sourcecode.c.objc; path = "UIImage+Tool.m"; sourceTree = "<group>"; };
		9C65328B1CC713C800B609C5 /* MeeCollectionViewLayout.h */ = {isa = PBXFileReference; fileEncoding = 4; lastKnownFileType = sourcecode.c.h; path = MeeCollectionViewLayout.h; sourceTree = "<group>"; };
		9C65328C1CC713C800B609C5 /* MeeCollectionViewLayout.m */ = {isa = PBXFileReference; fileEncoding = 4; lastKnownFileType = sourcecode.c.objc; path = MeeCollectionViewLayout.m; sourceTree = "<group>"; };
		9C65328F1CC7180F00B609C5 /* UIView+Frame.h */ = {isa = PBXFileReference; fileEncoding = 4; lastKnownFileType = sourcecode.c.h; path = "UIView+Frame.h"; sourceTree = "<group>"; };
		9C6532901CC7180F00B609C5 /* UIView+Frame.m */ = {isa = PBXFileReference; fileEncoding = 4; lastKnownFileType = sourcecode.c.objc; path = "UIView+Frame.m"; sourceTree = "<group>"; };
		9C6532921CC7183A00B609C5 /* PrefixHeader.pch */ = {isa = PBXFileReference; lastKnownFileType = sourcecode.c.h; path = PrefixHeader.pch; sourceTree = "<group>"; };
		9C6532941CC71C3000B609C5 /* MeeCollectionViewCell.h */ = {isa = PBXFileReference; fileEncoding = 4; lastKnownFileType = sourcecode.c.h; path = MeeCollectionViewCell.h; sourceTree = "<group>"; };
		9C6532951CC71C3000B609C5 /* MeeCollectionViewCell.m */ = {isa = PBXFileReference; fileEncoding = 4; lastKnownFileType = sourcecode.c.objc; path = MeeCollectionViewCell.m; sourceTree = "<group>"; };
		9C6532991CC7336800B609C5 /* ermilio.gif */ = {isa = PBXFileReference; lastKnownFileType = image.gif; path = ermilio.gif; sourceTree = "<group>"; };
		9C6532A41CC74B4C00B609C5 /* UIImage+GIF.h */ = {isa = PBXFileReference; fileEncoding = 4; lastKnownFileType = sourcecode.c.h; path = "UIImage+GIF.h"; sourceTree = "<group>"; };
		9C6532A51CC74B4C00B609C5 /* UIImage+GIF.m */ = {isa = PBXFileReference; fileEncoding = 4; lastKnownFileType = sourcecode.c.objc; path = "UIImage+GIF.m"; sourceTree = "<group>"; };
		9C6532A81CC7501200B609C5 /* joy.gif */ = {isa = PBXFileReference; lastKnownFileType = image.gif; path = joy.gif; sourceTree = "<group>"; };
		9C6532AA1CC7506400B609C5 /* we.jpg */ = {isa = PBXFileReference; lastKnownFileType = image.jpeg; path = we.jpg; sourceTree = "<group>"; };
		9C6532AC1CC7531F00B609C5 /* NSData+ImageContentType.h */ = {isa = PBXFileReference; fileEncoding = 4; lastKnownFileType = sourcecode.c.h; path = "NSData+ImageContentType.h"; sourceTree = "<group>"; };
		9C6532AD1CC7531F00B609C5 /* NSData+ImageContentType.m */ = {isa = PBXFileReference; fileEncoding = 4; lastKnownFileType = sourcecode.c.objc; path = "NSData+ImageContentType.m"; sourceTree = "<group>"; };
		9C6532AF1CC7584000B609C5 /* icon_person.png */ = {isa = PBXFileReference; lastKnownFileType = image.png; path = icon_person.png; sourceTree = "<group>"; };
		9C6532B21CC76EFC00B609C5 /* MeeLaunchViewController.h */ = {isa = PBXFileReference; fileEncoding = 4; lastKnownFileType = sourcecode.c.h; path = MeeLaunchViewController.h; sourceTree = "<group>"; };
		9C6532B31CC76EFC00B609C5 /* MeeLaunchViewController.m */ = {isa = PBXFileReference; fileEncoding = 4; lastKnownFileType = sourcecode.c.objc; path = MeeLaunchViewController.m; sourceTree = "<group>"; };
		9C6532B51CC76F9400B609C5 /* iPhone-6-Crop.gif */ = {isa = PBXFileReference; lastKnownFileType = image.gif; path = "iPhone-6-Crop.gif"; sourceTree = "<group>"; };
		9C6532BA1CC77C7600B609C5 /* MeePicViewController.h */ = {isa = PBXFileReference; fileEncoding = 4; lastKnownFileType = sourcecode.c.h; path = MeePicViewController.h; sourceTree = "<group>"; };
		9C6532BB1CC77C7600B609C5 /* MeePicViewController.m */ = {isa = PBXFileReference; fileEncoding = 4; lastKnownFileType = sourcecode.c.objc; path = MeePicViewController.m; sourceTree = "<group>"; };
		9C6532C01CC7843800B609C5 /* TAAbstractDotView.h */ = {isa = PBXFileReference; fileEncoding = 4; lastKnownFileType = sourcecode.c.h; path = TAAbstractDotView.h; sourceTree = "<group>"; };
		9C6532C11CC7843800B609C5 /* TAAbstractDotView.m */ = {isa = PBXFileReference; fileEncoding = 4; lastKnownFileType = sourcecode.c.objc; path = TAAbstractDotView.m; sourceTree = "<group>"; };
		9C6532C21CC7843800B609C5 /* TAAnimatedDotView.h */ = {isa = PBXFileReference; fileEncoding = 4; lastKnownFileType = sourcecode.c.h; path = TAAnimatedDotView.h; sourceTree = "<group>"; };
		9C6532C31CC7843800B609C5 /* TAAnimatedDotView.m */ = {isa = PBXFileReference; fileEncoding = 4; lastKnownFileType = sourcecode.c.objc; path = TAAnimatedDotView.m; sourceTree = "<group>"; };
		9C6532C41CC7843800B609C5 /* TADotView.h */ = {isa = PBXFileReference; fileEncoding = 4; lastKnownFileType = sourcecode.c.h; path = TADotView.h; sourceTree = "<group>"; };
		9C6532C51CC7843800B609C5 /* TADotView.m */ = {isa = PBXFileReference; fileEncoding = 4; lastKnownFileType = sourcecode.c.objc; path = TADotView.m; sourceTree = "<group>"; };
		9C6532C61CC7843800B609C5 /* TAPageControl.h */ = {isa = PBXFileReference; fileEncoding = 4; lastKnownFileType = sourcecode.c.h; path = TAPageControl.h; sourceTree = "<group>"; };
		9C6532C71CC7843800B609C5 /* TAPageControl.m */ = {isa = PBXFileReference; fileEncoding = 4; lastKnownFileType = sourcecode.c.objc; path = TAPageControl.m; sourceTree = "<group>"; };
		9C6532C81CC7843800B609C5 /* SDCollectionViewCell.h */ = {isa = PBXFileReference; fileEncoding = 4; lastKnownFileType = sourcecode.c.h; path = SDCollectionViewCell.h; sourceTree = "<group>"; };
		9C6532C91CC7843800B609C5 /* SDCollectionViewCell.m */ = {isa = PBXFileReference; fileEncoding = 4; lastKnownFileType = sourcecode.c.objc; path = SDCollectionViewCell.m; sourceTree = "<group>"; };
		9C6532CA1CC7843800B609C5 /* SDCycleScrollView.h */ = {isa = PBXFileReference; fileEncoding = 4; lastKnownFileType = sourcecode.c.h; path = SDCycleScrollView.h; sourceTree = "<group>"; };
		9C6532CB1CC7843800B609C5 /* SDCycleScrollView.m */ = {isa = PBXFileReference; fileEncoding = 4; lastKnownFileType = sourcecode.c.objc; path = SDCycleScrollView.m; sourceTree = "<group>"; };
		9C6532CC1CC7843800B609C5 /* UIView+SDExtension.h */ = {isa = PBXFileReference; fileEncoding = 4; lastKnownFileType = sourcecode.c.h; path = "UIView+SDExtension.h"; sourceTree = "<group>"; };
		9C6532CD1CC7843800B609C5 /* UIView+SDExtension.m */ = {isa = PBXFileReference; fileEncoding = 4; lastKnownFileType = sourcecode.c.objc; path = "UIView+SDExtension.m"; sourceTree = "<group>"; };
		9C6532D61CC7868400B609C5 /* MKAnnotationView+WebCache.h */ = {isa = PBXFileReference; fileEncoding = 4; lastKnownFileType = sourcecode.c.h; path = "MKAnnotationView+WebCache.h"; sourceTree = "<group>"; };
		9C6532D71CC7868400B609C5 /* MKAnnotationView+WebCache.m */ = {isa = PBXFileReference; fileEncoding = 4; lastKnownFileType = sourcecode.c.objc; path = "MKAnnotationView+WebCache.m"; sourceTree = "<group>"; };
		9C6532D81CC7868400B609C5 /* NSData+ImageContentType.h */ = {isa = PBXFileReference; fileEncoding = 4; lastKnownFileType = sourcecode.c.h; path = "NSData+ImageContentType.h"; sourceTree = "<group>"; };
		9C6532D91CC7868400B609C5 /* NSData+ImageContentType.m */ = {isa = PBXFileReference; fileEncoding = 4; lastKnownFileType = sourcecode.c.objc; path = "NSData+ImageContentType.m"; sourceTree = "<group>"; };
		9C6532DA1CC7868400B609C5 /* SDImageCache.h */ = {isa = PBXFileReference; fileEncoding = 4; lastKnownFileType = sourcecode.c.h; path = SDImageCache.h; sourceTree = "<group>"; };
		9C6532DB1CC7868400B609C5 /* SDImageCache.m */ = {isa = PBXFileReference; fileEncoding = 4; lastKnownFileType = sourcecode.c.objc; path = SDImageCache.m; sourceTree = "<group>"; };
		9C6532DC1CC7868400B609C5 /* SDWebImageCompat.h */ = {isa = PBXFileReference; fileEncoding = 4; lastKnownFileType = sourcecode.c.h; path = SDWebImageCompat.h; sourceTree = "<group>"; };
		9C6532DD1CC7868400B609C5 /* SDWebImageCompat.m */ = {isa = PBXFileReference; fileEncoding = 4; lastKnownFileType = sourcecode.c.objc; path = SDWebImageCompat.m; sourceTree = "<group>"; };
		9C6532DE1CC7868400B609C5 /* SDWebImageDecoder.h */ = {isa = PBXFileReference; fileEncoding = 4; lastKnownFileType = sourcecode.c.h; path = SDWebImageDecoder.h; sourceTree = "<group>"; };
		9C6532DF1CC7868400B609C5 /* SDWebImageDecoder.m */ = {isa = PBXFileReference; fileEncoding = 4; lastKnownFileType = sourcecode.c.objc; path = SDWebImageDecoder.m; sourceTree = "<group>"; };
		9C6532E01CC7868400B609C5 /* SDWebImageDownloader.h */ = {isa = PBXFileReference; fileEncoding = 4; lastKnownFileType = sourcecode.c.h; path = SDWebImageDownloader.h; sourceTree = "<group>"; };
		9C6532E11CC7868400B609C5 /* SDWebImageDownloader.m */ = {isa = PBXFileReference; fileEncoding = 4; lastKnownFileType = sourcecode.c.objc; path = SDWebImageDownloader.m; sourceTree = "<group>"; };
		9C6532E21CC7868400B609C5 /* SDWebImageDownloaderOperation.h */ = {isa = PBXFileReference; fileEncoding = 4; lastKnownFileType = sourcecode.c.h; path = SDWebImageDownloaderOperation.h; sourceTree = "<group>"; };
		9C6532E31CC7868400B609C5 /* SDWebImageDownloaderOperation.m */ = {isa = PBXFileReference; fileEncoding = 4; lastKnownFileType = sourcecode.c.objc; path = SDWebImageDownloaderOperation.m; sourceTree = "<group>"; };
		9C6532E41CC7868400B609C5 /* SDWebImageManager.h */ = {isa = PBXFileReference; fileEncoding = 4; lastKnownFileType = sourcecode.c.h; path = SDWebImageManager.h; sourceTree = "<group>"; };
		9C6532E51CC7868400B609C5 /* SDWebImageManager.m */ = {isa = PBXFileReference; fileEncoding = 4; lastKnownFileType = sourcecode.c.objc; path = SDWebImageManager.m; sourceTree = "<group>"; };
		9C6532E61CC7868400B609C5 /* SDWebImageOperation.h */ = {isa = PBXFileReference; fileEncoding = 4; lastKnownFileType = sourcecode.c.h; path = SDWebImageOperation.h; sourceTree = "<group>"; };
		9C6532E71CC7868400B609C5 /* SDWebImagePrefetcher.h */ = {isa = PBXFileReference; fileEncoding = 4; lastKnownFileType = sourcecode.c.h; path = SDWebImagePrefetcher.h; sourceTree = "<group>"; };
		9C6532E81CC7868400B609C5 /* SDWebImagePrefetcher.m */ = {isa = PBXFileReference; fileEncoding = 4; lastKnownFileType = sourcecode.c.objc; path = SDWebImagePrefetcher.m; sourceTree = "<group>"; };
		9C6532E91CC7868400B609C5 /* UIButton+WebCache.h */ = {isa = PBXFileReference; fileEncoding = 4; lastKnownFileType = sourcecode.c.h; path = "UIButton+WebCache.h"; sourceTree = "<group>"; };
		9C6532EA1CC7868400B609C5 /* UIButton+WebCache.m */ = {isa = PBXFileReference; fileEncoding = 4; lastKnownFileType = sourcecode.c.objc; path = "UIButton+WebCache.m"; sourceTree = "<group>"; };
		9C6532EB1CC7868400B609C5 /* UIImage+GIF.h */ = {isa = PBXFileReference; fileEncoding = 4; lastKnownFileType = sourcecode.c.h; path = "UIImage+GIF.h"; sourceTree = "<group>"; };
		9C6532EC1CC7868400B609C5 /* UIImage+GIF.m */ = {isa = PBXFileReference; fileEncoding = 4; lastKnownFileType = sourcecode.c.objc; path = "UIImage+GIF.m"; sourceTree = "<group>"; };
		9C6532ED1CC7868400B609C5 /* UIImage+MultiFormat.h */ = {isa = PBXFileReference; fileEncoding = 4; lastKnownFileType = sourcecode.c.h; path = "UIImage+MultiFormat.h"; sourceTree = "<group>"; };
		9C6532EE1CC7868400B609C5 /* UIImage+MultiFormat.m */ = {isa = PBXFileReference; fileEncoding = 4; lastKnownFileType = sourcecode.c.objc; path = "UIImage+MultiFormat.m"; sourceTree = "<group>"; };
		9C6532EF1CC7868400B609C5 /* UIImage+WebP.h */ = {isa = PBXFileReference; fileEncoding = 4; lastKnownFileType = sourcecode.c.h; path = "UIImage+WebP.h"; sourceTree = "<group>"; };
		9C6532F01CC7868400B609C5 /* UIImage+WebP.m */ = {isa = PBXFileReference; fileEncoding = 4; lastKnownFileType = sourcecode.c.objc; path = "UIImage+WebP.m"; sourceTree = "<group>"; };
		9C6532F11CC7868400B609C5 /* UIImageView+HighlightedWebCache.h */ = {isa = PBXFileReference; fileEncoding = 4; lastKnownFileType = sourcecode.c.h; path = "UIImageView+HighlightedWebCache.h"; sourceTree = "<group>"; };
		9C6532F21CC7868400B609C5 /* UIImageView+HighlightedWebCache.m */ = {isa = PBXFileReference; fileEncoding = 4; lastKnownFileType = sourcecode.c.objc; path = "UIImageView+HighlightedWebCache.m"; sourceTree = "<group>"; };
		9C6532F31CC7868400B609C5 /* UIImageView+WebCache.h */ = {isa = PBXFileReference; fileEncoding = 4; lastKnownFileType = sourcecode.c.h; path = "UIImageView+WebCache.h"; sourceTree = "<group>"; };
		9C6532F41CC7868400B609C5 /* UIImageView+WebCache.m */ = {isa = PBXFileReference; fileEncoding = 4; lastKnownFileType = sourcecode.c.objc; path = "UIImageView+WebCache.m"; sourceTree = "<group>"; };
		9C6532F51CC7868400B609C5 /* UIView+WebCacheOperation.h */ = {isa = PBXFileReference; fileEncoding = 4; lastKnownFileType = sourcecode.c.h; path = "UIView+WebCacheOperation.h"; sourceTree = "<group>"; };
		9C6532F61CC7868400B609C5 /* UIView+WebCacheOperation.m */ = {isa = PBXFileReference; fileEncoding = 4; lastKnownFileType = sourcecode.c.objc; path = "UIView+WebCacheOperation.m"; sourceTree = "<group>"; };
		9CA6CFC21CC513560027D264 /* MeeViews.app */ = {isa = PBXFileReference; explicitFileType = wrapper.application; includeInIndex = 0; path = MeeViews.app; sourceTree = BUILT_PRODUCTS_DIR; };
		9CA6CFC61CC513560027D264 /* main.m */ = {isa = PBXFileReference; lastKnownFileType = sourcecode.c.objc; path = main.m; sourceTree = "<group>"; };
		9CA6CFD11CC513560027D264 /* Assets.xcassets */ = {isa = PBXFileReference; lastKnownFileType = folder.assetcatalog; path = Assets.xcassets; sourceTree = "<group>"; };
		9CA6CFD41CC513560027D264 /* Base */ = {isa = PBXFileReference; lastKnownFileType = file.storyboard; name = Base; path = Base.lproj/LaunchScreen.storyboard; sourceTree = "<group>"; };
		9CA6CFD61CC513560027D264 /* Info.plist */ = {isa = PBXFileReference; lastKnownFileType = text.plist.xml; path = Info.plist; sourceTree = "<group>"; };
		9CA6CFDB1CC513560027D264 /* MeeViewsTests.xctest */ = {isa = PBXFileReference; explicitFileType = wrapper.cfbundle; includeInIndex = 0; path = MeeViewsTests.xctest; sourceTree = BUILT_PRODUCTS_DIR; };
		9CA6CFDF1CC513560027D264 /* MeeViewsTests.m */ = {isa = PBXFileReference; lastKnownFileType = sourcecode.c.objc; path = MeeViewsTests.m; sourceTree = "<group>"; };
		9CA6CFE11CC513560027D264 /* Info.plist */ = {isa = PBXFileReference; lastKnownFileType = text.plist.xml; path = Info.plist; sourceTree = "<group>"; };
		9CA6CFE61CC513560027D264 /* MeeViewsUITests.xctest */ = {isa = PBXFileReference; explicitFileType = wrapper.cfbundle; includeInIndex = 0; path = MeeViewsUITests.xctest; sourceTree = BUILT_PRODUCTS_DIR; };
		9CA6CFEA1CC513560027D264 /* MeeViewsUITests.m */ = {isa = PBXFileReference; lastKnownFileType = sourcecode.c.objc; path = MeeViewsUITests.m; sourceTree = "<group>"; };
		9CA6CFEC1CC513560027D264 /* Info.plist */ = {isa = PBXFileReference; lastKnownFileType = text.plist.xml; path = Info.plist; sourceTree = "<group>"; };
		9CA6CFFA1CC513F50027D264 /* AppDelegate.h */ = {isa = PBXFileReference; fileEncoding = 4; lastKnownFileType = sourcecode.c.h; path = AppDelegate.h; sourceTree = "<group>"; };
		9CA6CFFB1CC513F50027D264 /* AppDelegate.m */ = {isa = PBXFileReference; fileEncoding = 4; lastKnownFileType = sourcecode.c.objc; path = AppDelegate.m; sourceTree = "<group>"; };
		9CA6D0011CC5146B0027D264 /* MeeNavigationController.h */ = {isa = PBXFileReference; fileEncoding = 4; lastKnownFileType = sourcecode.c.h; path = MeeNavigationController.h; sourceTree = "<group>"; };
		9CA6D0021CC5146B0027D264 /* MeeNavigationController.m */ = {isa = PBXFileReference; fileEncoding = 4; lastKnownFileType = sourcecode.c.objc; path = MeeNavigationController.m; sourceTree = "<group>"; };
		9CA6D0041CC5149E0027D264 /* MeeTabBarController.h */ = {isa = PBXFileReference; fileEncoding = 4; lastKnownFileType = sourcecode.c.h; path = MeeTabBarController.h; sourceTree = "<group>"; };
		9CA6D0051CC5149E0027D264 /* MeeTabBarController.m */ = {isa = PBXFileReference; fileEncoding = 4; lastKnownFileType = sourcecode.c.objc; path = MeeTabBarController.m; sourceTree = "<group>"; };
		9CA6D0071CC5161B0027D264 /* MeeVC1.h */ = {isa = PBXFileReference; fileEncoding = 4; lastKnownFileType = sourcecode.c.h; path = MeeVC1.h; sourceTree = "<group>"; };
		9CA6D0081CC5161B0027D264 /* MeeVC1.m */ = {isa = PBXFileReference; fileEncoding = 4; lastKnownFileType = sourcecode.c.objc; path = MeeVC1.m; sourceTree = "<group>"; };
		9CA6D00A1CC516370027D264 /* MeeVC2.h */ = {isa = PBXFileReference; fileEncoding = 4; lastKnownFileType = sourcecode.c.h; path = MeeVC2.h; sourceTree = "<group>"; };
		9CA6D00B1CC516370027D264 /* MeeVC2.m */ = {isa = PBXFileReference; fileEncoding = 4; lastKnownFileType = sourcecode.c.objc; path = MeeVC2.m; sourceTree = "<group>"; };
		9CA6D00C1CC516370027D264 /* MeeVC2.xib */ = {isa = PBXFileReference; fileEncoding = 4; lastKnownFileType = file.xib; path = MeeVC2.xib; sourceTree = "<group>"; };
		9CA6D00F1CC5164D0027D264 /* MeeVC3.h */ = {isa = PBXFileReference; fileEncoding = 4; lastKnownFileType = sourcecode.c.h; path = MeeVC3.h; sourceTree = "<group>"; };
		9CA6D0101CC5164D0027D264 /* MeeVC3.m */ = {isa = PBXFileReference; fileEncoding = 4; lastKnownFileType = sourcecode.c.objc; path = MeeVC3.m; sourceTree = "<group>"; };
		9CBB13861CC8A6A900648B85 /* MeePhtViewController.h */ = {isa = PBXFileReference; fileEncoding = 4; lastKnownFileType = sourcecode.c.h; path = MeePhtViewController.h; sourceTree = "<group>"; };
		9CBB13871CC8A6A900648B85 /* MeePhtViewController.m */ = {isa = PBXFileReference; fileEncoding = 4; lastKnownFileType = sourcecode.c.objc; path = MeePhtViewController.m; sourceTree = "<group>"; };
		9CBB13921CC8B6AA00648B85 /* MeePhoTableViewCell.h */ = {isa = PBXFileReference; fileEncoding = 4; lastKnownFileType = sourcecode.c.h; path = MeePhoTableViewCell.h; sourceTree = "<group>"; };
		9CBB13931CC8B6AA00648B85 /* MeePhoTableViewCell.m */ = {isa = PBXFileReference; fileEncoding = 4; lastKnownFileType = sourcecode.c.objc; path = MeePhoTableViewCell.m; sourceTree = "<group>"; };
		9CBB13941CC8B6AA00648B85 /* MeePhoTableViewCell.xib */ = {isa = PBXFileReference; fileEncoding = 4; lastKnownFileType = file.xib; path = MeePhoTableViewCell.xib; sourceTree = "<group>"; };
		9CBB13981CC8C54E00648B85 /* MeePhoCollectionViewController.h */ = {isa = PBXFileReference; fileEncoding = 4; lastKnownFileType = sourcecode.c.h; path = MeePhoCollectionViewController.h; sourceTree = "<group>"; };
		9CBB13991CC8C54E00648B85 /* MeePhoCollectionViewController.m */ = {isa = PBXFileReference; fileEncoding = 4; lastKnownFileType = sourcecode.c.objc; path = MeePhoCollectionViewController.m; sourceTree = "<group>"; };
		9CBB139D1CC8D97D00648B85 /* MeePhtViewController.storyboard */ = {isa = PBXFileReference; fileEncoding = 4; lastKnownFileType = file.storyboard; path = MeePhtViewController.storyboard; sourceTree = "<group>"; };
/* End PBXFileReference section */

/* Begin PBXFrameworksBuildPhase section */
		9CA6CFBF1CC513560027D264 /* Frameworks */ = {
			isa = PBXFrameworksBuildPhase;
			buildActionMask = 2147483647;
			files = (
			);
			runOnlyForDeploymentPostprocessing = 0;
		};
		9CA6CFD81CC513560027D264 /* Frameworks */ = {
			isa = PBXFrameworksBuildPhase;
			buildActionMask = 2147483647;
			files = (
			);
			runOnlyForDeploymentPostprocessing = 0;
		};
		9CA6CFE31CC513560027D264 /* Frameworks */ = {
			isa = PBXFrameworksBuildPhase;
			buildActionMask = 2147483647;
			files = (
			);
			runOnlyForDeploymentPostprocessing = 0;
		};
/* End PBXFrameworksBuildPhase section */

/* Begin PBXGroup section */
		9C65328A1CC7139100B609C5 /* CollectionViewLayout */ = {
			isa = PBXGroup;
			children = (
				9C65328B1CC713C800B609C5 /* MeeCollectionViewLayout.h */,
				9C65328C1CC713C800B609C5 /* MeeCollectionViewLayout.m */,
			);
			name = CollectionViewLayout;
			sourceTree = "<group>";
		};
		9C65328E1CC7180800B609C5 /* Category */ = {
			isa = PBXGroup;
			children = (
				9C65328F1CC7180F00B609C5 /* UIView+Frame.h */,
				9C6532901CC7180F00B609C5 /* UIView+Frame.m */,
				9C6532A41CC74B4C00B609C5 /* UIImage+GIF.h */,
				9C6532A51CC74B4C00B609C5 /* UIImage+GIF.m */,
				9C14EB291CCA1199006E15AC /* UIImage+Tool.h */,
				9C14EB2A1CCA1199006E15AC /* UIImage+Tool.m */,
				9C6532AC1CC7531F00B609C5 /* NSData+ImageContentType.h */,
				9C6532AD1CC7531F00B609C5 /* NSData+ImageContentType.m */,
			);
			name = Category;
			path = Classes/Category;
			sourceTree = "<group>";
		};
		9C6532931CC71BF200B609C5 /* View */ = {
			isa = PBXGroup;
			children = (
				9C6532941CC71C3000B609C5 /* MeeCollectionViewCell.h */,
				9C6532951CC71C3000B609C5 /* MeeCollectionViewCell.m */,
			);
			name = View;
			sourceTree = "<group>";
		};
		9C6532B11CC76ECD00B609C5 /* Launch */ = {
			isa = PBXGroup;
			children = (
				9C6532B21CC76EFC00B609C5 /* MeeLaunchViewController.h */,
				9C6532B31CC76EFC00B609C5 /* MeeLaunchViewController.m */,
			);
			path = Launch;
			sourceTree = "<group>";
		};
		9C6532B91CC77C4100B609C5 /* 图片轮播器 */ = {
			isa = PBXGroup;
			children = (
				9C6532BA1CC77C7600B609C5 /* MeePicViewController.h */,
				9C6532BB1CC77C7600B609C5 /* MeePicViewController.m */,
			);
			path = "图片轮播器";
			sourceTree = "<group>";
		};
		9C6532BD1CC783FD00B609C5 /* lib */ = {
			isa = PBXGroup;
			children = (
				9C6532D51CC7868400B609C5 /* SDWebImage */,
				9C6532BE1CC7843800B609C5 /* SDCycleScrollView */,
			);
			path = lib;
			sourceTree = "<group>";
		};
		9C6532BE1CC7843800B609C5 /* SDCycleScrollView */ = {
			isa = PBXGroup;
			children = (
				9C6532BF1CC7843800B609C5 /* PageControl */,
				9C6532C81CC7843800B609C5 /* SDCollectionViewCell.h */,
				9C6532C91CC7843800B609C5 /* SDCollectionViewCell.m */,
				9C6532CA1CC7843800B609C5 /* SDCycleScrollView.h */,
				9C6532CB1CC7843800B609C5 /* SDCycleScrollView.m */,
				9C6532CC1CC7843800B609C5 /* UIView+SDExtension.h */,
				9C6532CD1CC7843800B609C5 /* UIView+SDExtension.m */,
			);
			path = SDCycleScrollView;
			sourceTree = "<group>";
		};
		9C6532BF1CC7843800B609C5 /* PageControl */ = {
			isa = PBXGroup;
			children = (
				9C6532C01CC7843800B609C5 /* TAAbstractDotView.h */,
				9C6532C11CC7843800B609C5 /* TAAbstractDotView.m */,
				9C6532C21CC7843800B609C5 /* TAAnimatedDotView.h */,
				9C6532C31CC7843800B609C5 /* TAAnimatedDotView.m */,
				9C6532C41CC7843800B609C5 /* TADotView.h */,
				9C6532C51CC7843800B609C5 /* TADotView.m */,
				9C6532C61CC7843800B609C5 /* TAPageControl.h */,
				9C6532C71CC7843800B609C5 /* TAPageControl.m */,
			);
			path = PageControl;
			sourceTree = "<group>";
		};
		9C6532D51CC7868400B609C5 /* SDWebImage */ = {
			isa = PBXGroup;
			children = (
				9C6532D61CC7868400B609C5 /* MKAnnotationView+WebCache.h */,
				9C6532D71CC7868400B609C5 /* MKAnnotationView+WebCache.m */,
				9C6532D81CC7868400B609C5 /* NSData+ImageContentType.h */,
				9C6532D91CC7868400B609C5 /* NSData+ImageContentType.m */,
				9C6532DA1CC7868400B609C5 /* SDImageCache.h */,
				9C6532DB1CC7868400B609C5 /* SDImageCache.m */,
				9C6532DC1CC7868400B609C5 /* SDWebImageCompat.h */,
				9C6532DD1CC7868400B609C5 /* SDWebImageCompat.m */,
				9C6532DE1CC7868400B609C5 /* SDWebImageDecoder.h */,
				9C6532DF1CC7868400B609C5 /* SDWebImageDecoder.m */,
				9C6532E01CC7868400B609C5 /* SDWebImageDownloader.h */,
				9C6532E11CC7868400B609C5 /* SDWebImageDownloader.m */,
				9C6532E21CC7868400B609C5 /* SDWebImageDownloaderOperation.h */,
				9C6532E31CC7868400B609C5 /* SDWebImageDownloaderOperation.m */,
				9C6532E41CC7868400B609C5 /* SDWebImageManager.h */,
				9C6532E51CC7868400B609C5 /* SDWebImageManager.m */,
				9C6532E61CC7868400B609C5 /* SDWebImageOperation.h */,
				9C6532E71CC7868400B609C5 /* SDWebImagePrefetcher.h */,
				9C6532E81CC7868400B609C5 /* SDWebImagePrefetcher.m */,
				9C6532E91CC7868400B609C5 /* UIButton+WebCache.h */,
				9C6532EA1CC7868400B609C5 /* UIButton+WebCache.m */,
				9C6532EB1CC7868400B609C5 /* UIImage+GIF.h */,
				9C6532EC1CC7868400B609C5 /* UIImage+GIF.m */,
				9C6532ED1CC7868400B609C5 /* UIImage+MultiFormat.h */,
				9C6532EE1CC7868400B609C5 /* UIImage+MultiFormat.m */,
				9C6532EF1CC7868400B609C5 /* UIImage+WebP.h */,
				9C6532F01CC7868400B609C5 /* UIImage+WebP.m */,
				9C6532F11CC7868400B609C5 /* UIImageView+HighlightedWebCache.h */,
				9C6532F21CC7868400B609C5 /* UIImageView+HighlightedWebCache.m */,
				9C6532F31CC7868400B609C5 /* UIImageView+WebCache.h */,
				9C6532F41CC7868400B609C5 /* UIImageView+WebCache.m */,
				9C6532F51CC7868400B609C5 /* UIView+WebCacheOperation.h */,
				9C6532F61CC7868400B609C5 /* UIView+WebCacheOperation.m */,
			);
			path = SDWebImage;
			sourceTree = "<group>";
		};
		9CA6CFB91CC513560027D264 = {
			isa = PBXGroup;
			children = (
				9CA6CFC41CC513560027D264 /* MeeViews */,
				9CA6CFDE1CC513560027D264 /* MeeViewsTests */,
				9CA6CFE91CC513560027D264 /* MeeViewsUITests */,
				9CA6CFC31CC513560027D264 /* Products */,
			);
			sourceTree = "<group>";
		};
		9CA6CFC31CC513560027D264 /* Products */ = {
			isa = PBXGroup;
			children = (
				9CA6CFC21CC513560027D264 /* MeeViews.app */,
				9CA6CFDB1CC513560027D264 /* MeeViewsTests.xctest */,
				9CA6CFE61CC513560027D264 /* MeeViewsUITests.xctest */,
			);
			name = Products;
			sourceTree = "<group>";
		};
		9CA6CFC41CC513560027D264 /* MeeViews */ = {
			isa = PBXGroup;
			children = (
				9CA6CFF81CC513F50027D264 /* Classes */,
				9CA6CFC51CC513560027D264 /* Supporting Files */,
			);
			path = MeeViews;
			sourceTree = "<group>";
		};
		9CA6CFC51CC513560027D264 /* Supporting Files */ = {
			isa = PBXGroup;
			children = (
				9C65328E1CC7180800B609C5 /* Category */,
				9CA6CFD11CC513560027D264 /* Assets.xcassets */,
				9C6532B51CC76F9400B609C5 /* iPhone-6-Crop.gif */,
				9C6532AF1CC7584000B609C5 /* icon_person.png */,
				9C6532AA1CC7506400B609C5 /* we.jpg */,
				9C6532A81CC7501200B609C5 /* joy.gif */,
				9C6532991CC7336800B609C5 /* ermilio.gif */,
				9CA6CFD31CC513560027D264 /* LaunchScreen.storyboard */,
				9CA6CFD61CC513560027D264 /* Info.plist */,
				9CA6CFC61CC513560027D264 /* main.m */,
				9C6532921CC7183A00B609C5 /* PrefixHeader.pch */,
			);
			name = "Supporting Files";
			sourceTree = "<group>";
		};
		9CA6CFDE1CC513560027D264 /* MeeViewsTests */ = {
			isa = PBXGroup;
			children = (
				9CA6CFDF1CC513560027D264 /* MeeViewsTests.m */,
				9CA6CFE11CC513560027D264 /* Info.plist */,
			);
			path = MeeViewsTests;
			sourceTree = "<group>";
		};
		9CA6CFE91CC513560027D264 /* MeeViewsUITests */ = {
			isa = PBXGroup;
			children = (
				9CA6CFEA1CC513560027D264 /* MeeViewsUITests.m */,
				9CA6CFEC1CC513560027D264 /* Info.plist */,
			);
			path = MeeViewsUITests;
			sourceTree = "<group>";
		};
		9CA6CFF81CC513F50027D264 /* Classes */ = {
			isa = PBXGroup;
			children = (
				9C6532BD1CC783FD00B609C5 /* lib */,
				9C6532B11CC76ECD00B609C5 /* Launch */,
				9CA6CFF91CC513F50027D264 /* Other */,
				9CA6D0001CC514280027D264 /* Main */,
				9CA6CFFC1CC513F50027D264 /* VC1 */,
				9CA6CFFD1CC513F50027D264 /* VC2 */,
				9CA6CFFE1CC513F50027D264 /* VC3 - collectionView */,
			);
			path = Classes;
			sourceTree = "<group>";
		};
		9CA6CFF91CC513F50027D264 /* Other */ = {
			isa = PBXGroup;
			children = (
				9CA6CFFA1CC513F50027D264 /* AppDelegate.h */,
				9CA6CFFB1CC513F50027D264 /* AppDelegate.m */,
			);
			path = Other;
			sourceTree = "<group>";
		};
		9CA6CFFC1CC513F50027D264 /* VC1 */ = {
			isa = PBXGroup;
			children = (
				9CA6D0071CC5161B0027D264 /* MeeVC1.h */,
				9CA6D0081CC5161B0027D264 /* MeeVC1.m */,
				9C6532B91CC77C4100B609C5 /* 图片轮播器 */,
				9CBB13811CC8A56A00648B85 /* ContainerView使用 */,
			);
			path = VC1;
			sourceTree = "<group>";
		};
		9CA6CFFD1CC513F50027D264 /* VC2 */ = {
			isa = PBXGroup;
			children = (
				9CA6D00A1CC516370027D264 /* MeeVC2.h */,
				9CA6D00B1CC516370027D264 /* MeeVC2.m */,
				9CA6D00C1CC516370027D264 /* MeeVC2.xib */,
			);
			path = VC2;
			sourceTree = "<group>";
		};
		9CA6CFFE1CC513F50027D264 /* VC3 - collectionView */ = {
			isa = PBXGroup;
			children = (
				9CA6D00F1CC5164D0027D264 /* MeeVC3.h */,
				9CA6D0101CC5164D0027D264 /* MeeVC3.m */,
				9C6532931CC71BF200B609C5 /* View */,
				9C65328A1CC7139100B609C5 /* CollectionViewLayout */,
			);
			name = "VC3 - collectionView";
			path = VC3;
			sourceTree = "<group>";
		};
		9CA6D0001CC514280027D264 /* Main */ = {
			isa = PBXGroup;
			children = (
				9CA6D0011CC5146B0027D264 /* MeeNavigationController.h */,
				9CA6D0021CC5146B0027D264 /* MeeNavigationController.m */,
				9CA6D0041CC5149E0027D264 /* MeeTabBarController.h */,
				9CA6D0051CC5149E0027D264 /* MeeTabBarController.m */,
			);
			path = Main;
			sourceTree = "<group>";
		};
		9CBB13811CC8A56A00648B85 /* ContainerView使用 */ = {
			isa = PBXGroup;
			children = (
				9CBB13851CC8A6A900648B85 /* Controller */,
				9CBB13881CC8A6A900648B85 /* View */,
			);
			name = "ContainerView使用";
			path = "ContentView使用";
			sourceTree = "<group>";
		};
		9CBB13851CC8A6A900648B85 /* Controller */ = {
			isa = PBXGroup;
			children = (
				9CBB13861CC8A6A900648B85 /* MeePhtViewController.h */,
				9CBB13871CC8A6A900648B85 /* MeePhtViewController.m */,
				9CBB139D1CC8D97D00648B85 /* MeePhtViewController.storyboard */,
				9CBB13971CC8C4EE00648B85 /* photoCollection */,
			);
			path = Controller;
			sourceTree = "<group>";
		};
		9CBB13881CC8A6A900648B85 /* View */ = {
			isa = PBXGroup;
			children = (
				9CBB13921CC8B6AA00648B85 /* MeePhoTableViewCell.h */,
				9CBB13931CC8B6AA00648B85 /* MeePhoTableViewCell.m */,
				9CBB13941CC8B6AA00648B85 /* MeePhoTableViewCell.xib */,
			);
			path = View;
			sourceTree = "<group>";
		};
		9CBB13971CC8C4EE00648B85 /* photoCollection */ = {
			isa = PBXGroup;
			children = (
				9CBB13981CC8C54E00648B85 /* MeePhoCollectionViewController.h */,
				9CBB13991CC8C54E00648B85 /* MeePhoCollectionViewController.m */,
			);
			name = photoCollection;
			sourceTree = "<group>";
		};
/* End PBXGroup section */

/* Begin PBXNativeTarget section */
		9CA6CFC11CC513560027D264 /* MeeViews */ = {
			isa = PBXNativeTarget;
			buildConfigurationList = 9CA6CFEF1CC513560027D264 /* Build configuration list for PBXNativeTarget "MeeViews" */;
			buildPhases = (
				9CA6CFBE1CC513560027D264 /* Sources */,
				9CA6CFBF1CC513560027D264 /* Frameworks */,
				9CA6CFC01CC513560027D264 /* Resources */,
			);
			buildRules = (
			);
			dependencies = (
			);
			name = MeeViews;
			productName = MeeViews;
			productReference = 9CA6CFC21CC513560027D264 /* MeeViews.app */;
			productType = "com.apple.product-type.application";
		};
		9CA6CFDA1CC513560027D264 /* MeeViewsTests */ = {
			isa = PBXNativeTarget;
			buildConfigurationList = 9CA6CFF21CC513560027D264 /* Build configuration list for PBXNativeTarget "MeeViewsTests" */;
			buildPhases = (
				9CA6CFD71CC513560027D264 /* Sources */,
				9CA6CFD81CC513560027D264 /* Frameworks */,
				9CA6CFD91CC513560027D264 /* Resources */,
			);
			buildRules = (
			);
			dependencies = (
				9CA6CFDD1CC513560027D264 /* PBXTargetDependency */,
			);
			name = MeeViewsTests;
			productName = MeeViewsTests;
			productReference = 9CA6CFDB1CC513560027D264 /* MeeViewsTests.xctest */;
			productType = "com.apple.product-type.bundle.unit-test";
		};
		9CA6CFE51CC513560027D264 /* MeeViewsUITests */ = {
			isa = PBXNativeTarget;
			buildConfigurationList = 9CA6CFF51CC513560027D264 /* Build configuration list for PBXNativeTarget "MeeViewsUITests" */;
			buildPhases = (
				9CA6CFE21CC513560027D264 /* Sources */,
				9CA6CFE31CC513560027D264 /* Frameworks */,
				9CA6CFE41CC513560027D264 /* Resources */,
			);
			buildRules = (
			);
			dependencies = (
				9CA6CFE81CC513560027D264 /* PBXTargetDependency */,
			);
			name = MeeViewsUITests;
			productName = MeeViewsUITests;
			productReference = 9CA6CFE61CC513560027D264 /* MeeViewsUITests.xctest */;
			productType = "com.apple.product-type.bundle.ui-testing";
		};
/* End PBXNativeTarget section */

/* Begin PBXProject section */
		9CA6CFBA1CC513560027D264 /* Project object */ = {
			isa = PBXProject;
			attributes = {
				CLASSPREFIX = Mee;
				LastUpgradeCheck = 0720;
				ORGANIZATIONNAME = Mee;
				TargetAttributes = {
					9CA6CFC11CC513560027D264 = {
						CreatedOnToolsVersion = 7.2;
					};
					9CA6CFDA1CC513560027D264 = {
						CreatedOnToolsVersion = 7.2;
						TestTargetID = 9CA6CFC11CC513560027D264;
					};
					9CA6CFE51CC513560027D264 = {
						CreatedOnToolsVersion = 7.2;
						TestTargetID = 9CA6CFC11CC513560027D264;
					};
				};
			};
			buildConfigurationList = 9CA6CFBD1CC513560027D264 /* Build configuration list for PBXProject "MeeViews" */;
			compatibilityVersion = "Xcode 3.2";
			developmentRegion = English;
			hasScannedForEncodings = 0;
			knownRegions = (
				en,
				Base,
			);
			mainGroup = 9CA6CFB91CC513560027D264;
			productRefGroup = 9CA6CFC31CC513560027D264 /* Products */;
			projectDirPath = "";
			projectRoot = "";
			targets = (
				9CA6CFC11CC513560027D264 /* MeeViews */,
				9CA6CFDA1CC513560027D264 /* MeeViewsTests */,
				9CA6CFE51CC513560027D264 /* MeeViewsUITests */,
			);
		};
/* End PBXProject section */

/* Begin PBXResourcesBuildPhase section */
		9CA6CFC01CC513560027D264 /* Resources */ = {
			isa = PBXResourcesBuildPhase;
			buildActionMask = 2147483647;
			files = (
				9C65329A1CC7336800B609C5 /* ermilio.gif in Resources */,
				9C6532A91CC7501200B609C5 /* joy.gif in Resources */,
				9CBB139E1CC8D97D00648B85 /* MeePhtViewController.storyboard in Resources */,
				9C6532B01CC7584000B609C5 /* icon_person.png in Resources */,
				9CA6CFD51CC513560027D264 /* LaunchScreen.storyboard in Resources */,
				9C6532B61CC76F9400B609C5 /* iPhone-6-Crop.gif in Resources */,
				9C6532AB1CC7506400B609C5 /* we.jpg in Resources */,
				9CBB13961CC8B6AA00648B85 /* MeePhoTableViewCell.xib in Resources */,
				9CA6D00E1CC516370027D264 /* MeeVC2.xib in Resources */,
				9CA6CFD21CC513560027D264 /* Assets.xcassets in Resources */,
			);
			runOnlyForDeploymentPostprocessing = 0;
		};
		9CA6CFD91CC513560027D264 /* Resources */ = {
			isa = PBXResourcesBuildPhase;
			buildActionMask = 2147483647;
			files = (
			);
			runOnlyForDeploymentPostprocessing = 0;
		};
		9CA6CFE41CC513560027D264 /* Resources */ = {
			isa = PBXResourcesBuildPhase;
			buildActionMask = 2147483647;
			files = (
			);
			runOnlyForDeploymentPostprocessing = 0;
		};
/* End PBXResourcesBuildPhase section */

/* Begin PBXSourcesBuildPhase section */
		9CA6CFBE1CC513560027D264 /* Sources */ = {
			isa = PBXSourcesBuildPhase;
			buildActionMask = 2147483647;
			files = (
				9C6532FB1CC7868400B609C5 /* SDWebImageDecoder.m in Sources */,
				9C65328D1CC713C800B609C5 /* MeeCollectionViewLayout.m in Sources */,
				9C6532F71CC7868400B609C5 /* MKAnnotationView+WebCache.m in Sources */,
				9C6532CE1CC7843800B609C5 /* TAAbstractDotView.m in Sources */,
				9C6532B41CC76EFC00B609C5 /* MeeLaunchViewController.m in Sources */,
				9CA6D0061CC5149E0027D264 /* MeeTabBarController.m in Sources */,
				9CA6CFFF1CC513F50027D264 /* AppDelegate.m in Sources */,
				9C6532BC1CC77C7600B609C5 /* MeePicViewController.m in Sources */,
				9C6532FA1CC7868400B609C5 /* SDWebImageCompat.m in Sources */,
				9C6532F91CC7868400B609C5 /* SDImageCache.m in Sources */,
				9C6533021CC7868400B609C5 /* UIImage+MultiFormat.m in Sources */,
				9CBB13951CC8B6AA00648B85 /* MeePhoTableViewCell.m in Sources */,
				9C6533011CC7868400B609C5 /* UIImage+GIF.m in Sources */,
				9C6532FC1CC7868400B609C5 /* SDWebImageDownloader.m in Sources */,
				9C6532911CC7180F00B609C5 /* UIView+Frame.m in Sources */,
				9C6533051CC7868400B609C5 /* UIImageView+WebCache.m in Sources */,
				9C6533001CC7868400B609C5 /* UIButton+WebCache.m in Sources */,
				9C6532D41CC7843800B609C5 /* UIView+SDExtension.m in Sources */,
				9C6532961CC71C3000B609C5 /* MeeCollectionViewCell.m in Sources */,
				9C6532CF1CC7843800B609C5 /* TAAnimatedDotView.m in Sources */,
				9C6532D21CC7843800B609C5 /* SDCollectionViewCell.m in Sources */,
				9CA6D00D1CC516370027D264 /* MeeVC2.m in Sources */,
				9CA6D0091CC5161B0027D264 /* MeeVC1.m in Sources */,
				9C6532FD1CC7868400B609C5 /* SDWebImageDownloaderOperation.m in Sources */,
				9C14EB2B1CCA1199006E15AC /* UIImage+Tool.m in Sources */,
				9CBB139A1CC8C54E00648B85 /* MeePhoCollectionViewController.m in Sources */,
				9C6532A61CC74B4C00B609C5 /* UIImage+GIF.m in Sources */,
				9CA6CFC71CC513560027D264 /* main.m in Sources */,
				9C6532FF1CC7868400B609C5 /* SDWebImagePrefetcher.m in Sources */,
				9C6533031CC7868400B609C5 /* UIImage+WebP.m in Sources */,
				9C6532FE1CC7868400B609C5 /* SDWebImageManager.m in Sources */,
				9C6532F81CC7868400B609C5 /* NSData+ImageContentType.m in Sources */,
				9CA6D0111CC5164D0027D264 /* MeeVC3.m in Sources */,
				9C6532AE1CC7531F00B609C5 /* NSData+ImageContentType.m in Sources */,
				9C6532D01CC7843800B609C5 /* TADotView.m in Sources */,
				9CA6D0031CC5146B0027D264 /* MeeNavigationController.m in Sources */,
				9CBB13891CC8A6A900648B85 /* MeePhtViewController.m in Sources */,
				9C6532D11CC7843800B609C5 /* TAPageControl.m in Sources */,
				9C6533061CC7868400B609C5 /* UIView+WebCacheOperation.m in Sources */,
				9C6533041CC7868400B609C5 /* UIImageView+HighlightedWebCache.m in Sources */,
				9C6532D31CC7843800B609C5 /* SDCycleScrollView.m in Sources */,
			);
			runOnlyForDeploymentPostprocessing = 0;
		};
		9CA6CFD71CC513560027D264 /* Sources */ = {
			isa = PBXSourcesBuildPhase;
			buildActionMask = 2147483647;
			files = (
				9CA6CFE01CC513560027D264 /* MeeViewsTests.m in Sources */,
			);
			runOnlyForDeploymentPostprocessing = 0;
		};
		9CA6CFE21CC513560027D264 /* Sources */ = {
			isa = PBXSourcesBuildPhase;
			buildActionMask = 2147483647;
			files = (
				9CA6CFEB1CC513560027D264 /* MeeViewsUITests.m in Sources */,
			);
			runOnlyForDeploymentPostprocessing = 0;
		};
/* End PBXSourcesBuildPhase section */

/* Begin PBXTargetDependency section */
		9CA6CFDD1CC513560027D264 /* PBXTargetDependency */ = {
			isa = PBXTargetDependency;
			target = 9CA6CFC11CC513560027D264 /* MeeViews */;
			targetProxy = 9CA6CFDC1CC513560027D264 /* PBXContainerItemProxy */;
		};
		9CA6CFE81CC513560027D264 /* PBXTargetDependency */ = {
			isa = PBXTargetDependency;
			target = 9CA6CFC11CC513560027D264 /* MeeViews */;
			targetProxy = 9CA6CFE71CC513560027D264 /* PBXContainerItemProxy */;
		};
/* End PBXTargetDependency section */

/* Begin PBXVariantGroup section */
		9CA6CFD31CC513560027D264 /* LaunchScreen.storyboard */ = {
			isa = PBXVariantGroup;
			children = (
				9CA6CFD41CC513560027D264 /* Base */,
			);
			name = LaunchScreen.storyboard;
			sourceTree = "<group>";
		};
/* End PBXVariantGroup section */

/* Begin XCBuildConfiguration section */
		9CA6CFED1CC513560027D264 /* Debug */ = {
			isa = XCBuildConfiguration;
			buildSettings = {
				ALWAYS_SEARCH_USER_PATHS = NO;
				CLANG_CXX_LANGUAGE_STANDARD = "gnu++0x";
				CLANG_CXX_LIBRARY = "libc++";
				CLANG_ENABLE_MODULES = YES;
				CLANG_ENABLE_OBJC_ARC = YES;
				CLANG_WARN_BOOL_CONVERSION = YES;
				CLANG_WARN_CONSTANT_CONVERSION = YES;
				CLANG_WARN_DIRECT_OBJC_ISA_USAGE = YES_ERROR;
				CLANG_WARN_EMPTY_BODY = YES;
				CLANG_WARN_ENUM_CONVERSION = YES;
				CLANG_WARN_INT_CONVERSION = YES;
				CLANG_WARN_OBJC_ROOT_CLASS = YES_ERROR;
				CLANG_WARN_UNREACHABLE_CODE = YES;
				CLANG_WARN__DUPLICATE_METHOD_MATCH = YES;
				"CODE_SIGN_IDENTITY[sdk=iphoneos*]" = "iPhone Developer";
				COPY_PHASE_STRIP = NO;
				DEBUG_INFORMATION_FORMAT = dwarf;
				ENABLE_STRICT_OBJC_MSGSEND = YES;
				ENABLE_TESTABILITY = YES;
				GCC_C_LANGUAGE_STANDARD = gnu99;
				GCC_DYNAMIC_NO_PIC = NO;
				GCC_NO_COMMON_BLOCKS = YES;
				GCC_OPTIMIZATION_LEVEL = 0;
				GCC_PREPROCESSOR_DEFINITIONS = (
					"DEBUG=1",
					"$(inherited)",
				);
				GCC_WARN_64_TO_32_BIT_CONVERSION = YES;
				GCC_WARN_ABOUT_RETURN_TYPE = YES_ERROR;
				GCC_WARN_UNDECLARED_SELECTOR = YES;
				GCC_WARN_UNINITIALIZED_AUTOS = YES_AGGRESSIVE;
				GCC_WARN_UNUSED_FUNCTION = YES;
				GCC_WARN_UNUSED_VARIABLE = YES;
				IPHONEOS_DEPLOYMENT_TARGET = 9.2;
				MTL_ENABLE_DEBUG_INFO = YES;
				ONLY_ACTIVE_ARCH = YES;
				SDKROOT = iphoneos;
			};
			name = Debug;
		};
		9CA6CFEE1CC513560027D264 /* Release */ = {
			isa = XCBuildConfiguration;
			buildSettings = {
				ALWAYS_SEARCH_USER_PATHS = NO;
				CLANG_CXX_LANGUAGE_STANDARD = "gnu++0x";
				CLANG_CXX_LIBRARY = "libc++";
				CLANG_ENABLE_MODULES = YES;
				CLANG_ENABLE_OBJC_ARC = YES;
				CLANG_WARN_BOOL_CONVERSION = YES;
				CLANG_WARN_CONSTANT_CONVERSION = YES;
				CLANG_WARN_DIRECT_OBJC_ISA_USAGE = YES_ERROR;
				CLANG_WARN_EMPTY_BODY = YES;
				CLANG_WARN_ENUM_CONVERSION = YES;
				CLANG_WARN_INT_CONVERSION = YES;
				CLANG_WARN_OBJC_ROOT_CLASS = YES_ERROR;
				CLANG_WARN_UNREACHABLE_CODE = YES;
				CLANG_WARN__DUPLICATE_METHOD_MATCH = YES;
				"CODE_SIGN_IDENTITY[sdk=iphoneos*]" = "iPhone Developer";
				COPY_PHASE_STRIP = NO;
				DEBUG_INFORMATION_FORMAT = "dwarf-with-dsym";
				ENABLE_NS_ASSERTIONS = NO;
				ENABLE_STRICT_OBJC_MSGSEND = YES;
				GCC_C_LANGUAGE_STANDARD = gnu99;
				GCC_NO_COMMON_BLOCKS = YES;
				GCC_WARN_64_TO_32_BIT_CONVERSION = YES;
				GCC_WARN_ABOUT_RETURN_TYPE = YES_ERROR;
				GCC_WARN_UNDECLARED_SELECTOR = YES;
				GCC_WARN_UNINITIALIZED_AUTOS = YES_AGGRESSIVE;
				GCC_WARN_UNUSED_FUNCTION = YES;
				GCC_WARN_UNUSED_VARIABLE = YES;
				IPHONEOS_DEPLOYMENT_TARGET = 9.2;
				MTL_ENABLE_DEBUG_INFO = NO;
				SDKROOT = iphoneos;
				VALIDATE_PRODUCT = YES;
			};
			name = Release;
		};
		9CA6CFF01CC513560027D264 /* Debug */ = {
			isa = XCBuildConfiguration;
			buildSettings = {
				ASSETCATALOG_COMPILER_APPICON_NAME = AppIcon;
				ASSETCATALOG_COMPILER_LAUNCHIMAGE_NAME = LaunchImage;
				GCC_PREFIX_HEADER = MeeViews/PrefixHeader.pch;
				INFOPLIST_FILE = MeeViews/Info.plist;
				LD_RUNPATH_SEARCH_PATHS = "$(inherited) @executable_path/Frameworks";
				PRODUCT_BUNDLE_IDENTIFIER = Mee.MeeViews;
				PRODUCT_NAME = "$(TARGET_NAME)";
			};
			name = Debug;
		};
		9CA6CFF11CC513560027D264 /* Release */ = {
			isa = XCBuildConfiguration;
			buildSettings = {
				ASSETCATALOG_COMPILER_APPICON_NAME = AppIcon;
				ASSETCATALOG_COMPILER_LAUNCHIMAGE_NAME = LaunchImage;
				GCC_PREFIX_HEADER = MeeViews/PrefixHeader.pch;
				INFOPLIST_FILE = MeeViews/Info.plist;
				LD_RUNPATH_SEARCH_PATHS = "$(inherited) @executable_path/Frameworks";
				PRODUCT_BUNDLE_IDENTIFIER = Mee.MeeViews;
				PRODUCT_NAME = "$(TARGET_NAME)";
			};
			name = Release;
		};
		9CA6CFF31CC513560027D264 /* Debug */ = {
			isa = XCBuildConfiguration;
			buildSettings = {
				BUNDLE_LOADER = "$(TEST_HOST)";
				INFOPLIST_FILE = MeeViewsTests/Info.plist;
				LD_RUNPATH_SEARCH_PATHS = "$(inherited) @executable_path/Frameworks @loader_path/Frameworks";
				PRODUCT_BUNDLE_IDENTIFIER = Mee.MeeViewsTests;
				PRODUCT_NAME = "$(TARGET_NAME)";
				TEST_HOST = "$(BUILT_PRODUCTS_DIR)/MeeViews.app/MeeViews";
			};
			name = Debug;
		};
		9CA6CFF41CC513560027D264 /* Release */ = {
			isa = XCBuildConfiguration;
			buildSettings = {
				BUNDLE_LOADER = "$(TEST_HOST)";
				INFOPLIST_FILE = MeeViewsTests/Info.plist;
				LD_RUNPATH_SEARCH_PATHS = "$(inherited) @executable_path/Frameworks @loader_path/Frameworks";
				PRODUCT_BUNDLE_IDENTIFIER = Mee.MeeViewsTests;
				PRODUCT_NAME = "$(TARGET_NAME)";
				TEST_HOST = "$(BUILT_PRODUCTS_DIR)/MeeViews.app/MeeViews";
			};
			name = Release;
		};
		9CA6CFF61CC513560027D264 /* Debug */ = {
			isa = XCBuildConfiguration;
			buildSettings = {
				INFOPLIST_FILE = MeeViewsUITests/Info.plist;
				LD_RUNPATH_SEARCH_PATHS = "$(inherited) @executable_path/Frameworks @loader_path/Frameworks";
				PRODUCT_BUNDLE_IDENTIFIER = Mee.MeeViewsUITests;
				PRODUCT_NAME = "$(TARGET_NAME)";
				TEST_TARGET_NAME = MeeViews;
				USES_XCTRUNNER = YES;
			};
			name = Debug;
		};
		9CA6CFF71CC513560027D264 /* Release */ = {
			isa = XCBuildConfiguration;
			buildSettings = {
				INFOPLIST_FILE = MeeViewsUITests/Info.plist;
				LD_RUNPATH_SEARCH_PATHS = "$(inherited) @executable_path/Frameworks @loader_path/Frameworks";
				PRODUCT_BUNDLE_IDENTIFIER = Mee.MeeViewsUITests;
				PRODUCT_NAME = "$(TARGET_NAME)";
				TEST_TARGET_NAME = MeeViews;
				USES_XCTRUNNER = YES;
			};
			name = Release;
		};
/* End XCBuildConfiguration section */

/* Begin XCConfigurationList section */
		9CA6CFBD1CC513560027D264 /* Build configuration list for PBXProject "MeeViews" */ = {
			isa = XCConfigurationList;
			buildConfigurations = (
				9CA6CFED1CC513560027D264 /* Debug */,
				9CA6CFEE1CC513560027D264 /* Release */,
			);
			defaultConfigurationIsVisible = 0;
			defaultConfigurationName = Release;
		};
		9CA6CFEF1CC513560027D264 /* Build configuration list for PBXNativeTarget "MeeViews" */ = {
			isa = XCConfigurationList;
			buildConfigurations = (
				9CA6CFF01CC513560027D264 /* Debug */,
				9CA6CFF11CC513560027D264 /* Release */,
			);
			defaultConfigurationIsVisible = 0;
			defaultConfigurationName = Release;
		};
		9CA6CFF21CC513560027D264 /* Build configuration list for PBXNativeTarget "MeeViewsTests" */ = {
			isa = XCConfigurationList;
			buildConfigurations = (
				9CA6CFF31CC513560027D264 /* Debug */,
				9CA6CFF41CC513560027D264 /* Release */,
			);
			defaultConfigurationIsVisible = 0;
			defaultConfigurationName = Release;
		};
		9CA6CFF51CC513560027D264 /* Build configuration list for PBXNativeTarget "MeeViewsUITests" */ = {
			isa = XCConfigurationList;
			buildConfigurations = (
				9CA6CFF61CC513560027D264 /* Debug */,
				9CA6CFF71CC513560027D264 /* Release */,
			);
			defaultConfigurationIsVisible = 0;
			defaultConfigurationName = Release;
		};
/* End XCConfigurationList section */
	};
	rootObject = 9CA6CFBA1CC513560027D264 /* Project object */;
}
